
Microsoft Visual Studio Solution File, Format Version 12.00
# Visual Studio Version 16
VisualStudioVersion = 16.0.30717.126
MinimumVisualStudioVersion = 10.0.40219.1
Project("{FAE04EC0-301F-11D3-BF4B-00C04F79EFBC}") = "OOPtask2", "OOPtask2\OOPtask2.csproj", "{19701183-7AA5-4967-AAC9-8F2E6E4DFFD8}"
EndProject
Global
	GlobalSection(SolutionConfigurationPlatforms) = preSolution
		Debug|Any CPU = Debug|Any CPU
		Release|Any CPU = Release|Any CPU
	EndGlobalSection
	GlobalSection(ProjectConfigurationPlatforms) = postSolution
		{19701183-7AA5-4967-AAC9-8F2E6E4DFFD8}.Debug|Any CPU.ActiveCfg = Debug|Any CPU
		{19701183-7AA5-4967-AAC9-8F2E6E4DFFD8}.Debug|Any CPU.Build.0 = Debug|Any CPU
		{19701183-7AA5-4967-AAC9-8F2E6E4DFFD8}.Release|Any CPU.ActiveCfg = Release|Any CPU
		{19701183-7AA5-4967-AAC9-8F2E6E4DFFD8}.Release|Any CPU.Build.0 = Release|Any CPU
	EndGlobalSection
	GlobalSection(SolutionProperties) = preSolution
		HideSolutionNode = FALSE
	EndGlobalSection
	GlobalSection(ExtensibilityGlobals) = postSolution
		SolutionGuid = {CA2E8158-EEF3-4D5D-A20A-09719EDBBE4D}
	EndGlobalSection
EndGlobal
